<?xml version="1.0" encoding="utf-8"?>
<Project ToolsVersion="4.0" xmlns="http://schemas.microsoft.com/developer/msbuild/2003">
  <ItemGroup>
    <Filter Include="Core">
      <UniqueIdentifier>{682f8505-3b9b-4c9c-aee7-0c70790bd021}</UniqueIdentifier>
    </Filter>
    <Filter Include="Core\Headers">
      <UniqueIdentifier>{55bf0dd1-f627-4235-be5f-23e28c933ae5}</UniqueIdentifier>
    </Filter>
    <Filter Include="Core\cpps">
      <UniqueIdentifier>{13a4e926-7d93-433b-a077-30f879164f6f}</UniqueIdentifier>
    </Filter>
  </ItemGroup>
  <ItemGroup>
    <ClCompile Include="main.cpp" />
    <ClCompile Include="Bankomat.cpp">
      <Filter>Core\cpps</Filter>
    </ClCompile>
    <ClCompile Include="Server\Server.cpp">
      <Filter>Core\cpps</Filter>
    </ClCompile>
  </ItemGroup>
  <ItemGroup>
    <ClInclude Include="Core\Headers\User.h">
      <Filter>Core\Headers</Filter>
    </ClInclude>
    <ClInclude Include="Core\Headers\UserData.h">
      <Filter>Core\Headers</Filter>
    </ClInclude>
    <ClInclude Include="Core\Headers\Bankomat.h">
      <Filter>Core\Headers</Filter>
    </ClInclude>
    <ClInclude Include="Server\Server.h">
      <Filter>Core\Headers</Filter>
    </ClInclude>
  </ItemGroup>
</Project>