
Microsoft Visual Studio Solution File, Format Version 12.00
# Visual Studio Version 17
VisualStudioVersion = 17.3.32929.385
MinimumVisualStudioVersion = 10.0.40219.1
Project("{8BC9CEB8-8B4A-11D0-8D11-00A0C91BC942}") = "Bankomat", "Bankomat.vcxproj", "{D59F21C1-6B53-4398-83AE-6D4819A39AF8}"
EndProject
Global
	GlobalSection(SolutionConfigurationPlatforms) = preSolution
		Debug|x64 = Debug|x64
		Debug|x86 = Debug|x86
		Release|x64 = Release|x64
		Release|x86 = Release|x86
	EndGlobalSection
	GlobalSection(ProjectConfigurationPlatforms) = postSolution
		{D59F21C1-6B53-4398-83AE-6D4819A39AF8}.Debug|x64.ActiveCfg = Debug|x64
		{D59F21C1-6B53-4398-83AE-6D4819A39AF8}.Debug|x64.Build.0 = Debug|x64
		{D59F21C1-6B53-4398-83AE-6D4819A39AF8}.Debug|x86.ActiveCfg = Debug|Win32
		{D59F21C1-6B53-4398-83AE-6D4819A39AF8}.Debug|x86.Build.0 = Debug|Win32
		{D59F21C1-6B53-4398-83AE-6D4819A39AF8}.Release|x64.ActiveCfg = Release|x64
		{D59F21C1-6B53-4398-83AE-6D4819A39AF8}.Release|x64.Build.0 = Release|x64
		{D59F21C1-6B53-4398-83AE-6D4819A39AF8}.Release|x86.ActiveCfg = Release|Win32
		{D59F21C1-6B53-4398-83AE-6D4819A39AF8}.Release|x86.Build.0 = Release|Win32
	EndGlobalSection
	GlobalSection(SolutionProperties) = preSolution
		HideSolutionNode = FALSE
	EndGlobalSection
	GlobalSection(ExtensibilityGlobals) = postSolution
		SolutionGuid = {7952F6B8-8146-4B58-926D-D4E8E6DB3306}
	EndGlobalSection
EndGlobal
